// !$*UTF8*$!
{
	archiveVersion = 1;
	classes = {
	};
	objectVersion = 56;
	objects = {

/* Begin PBXBuildFile section */
		1E80EA282C21B3EA00261AEC /* VeScanApp.swift in Sources */ = {isa = PBXBuildFile; fileRef = 1E80EA272C21B3E900261AEC /* VeScanApp.swift */; };
		1E80EA2A2C21B3EA00261AEC /* MainScanView.swift in Sources */ = {isa = PBXBuildFile; fileRef = 1E80EA292C21B3EA00261AEC /* MainScanView.swift */; };
		1E80EA2C2C21B3EB00261AEC /* Assets.xcassets in Resources */ = {isa = PBXBuildFile; fileRef = 1E80EA2B2C21B3EB00261AEC /* Assets.xcassets */; };
		1E80EA2F2C21B3EB00261AEC /* Preview Assets.xcassets in Resources */ = {isa = PBXBuildFile; fileRef = 1E80EA2E2C21B3EB00261AEC /* Preview Assets.xcassets */; };
		1E80EA392C21B3EC00261AEC /* VeScanTests.swift in Sources */ = {isa = PBXBuildFile; fileRef = 1E80EA382C21B3EC00261AEC /* VeScanTests.swift */; };
		1E80EA432C21B3EC00261AEC /* VeScanUITests.swift in Sources */ = {isa = PBXBuildFile; fileRef = 1E80EA422C21B3EC00261AEC /* VeScanUITests.swift */; };
		1E80EA452C21B3EC00261AEC /* VeScanUITestsLaunchTests.swift in Sources */ = {isa = PBXBuildFile; fileRef = 1E80EA442C21B3EC00261AEC /* VeScanUITestsLaunchTests.swift */; };
		1E80EA522C21C52900261AEC /* ScanViewWrapper.swift in Sources */ = {isa = PBXBuildFile; fileRef = 1E80EA512C21C52900261AEC /* ScanViewWrapper.swift */; };
		1E80EA542C21C54500261AEC /* ScanProvider.swift in Sources */ = {isa = PBXBuildFile; fileRef = 1E80EA532C21C54500261AEC /* ScanProvider.swift */; };
		1E8C983A2C232E2C00CEFDB6 /* Array+Utils.swift in Sources */ = {isa = PBXBuildFile; fileRef = 1E8C98392C232E2C00CEFDB6 /* Array+Utils.swift */; };
		1E8C983C2C232FCE00CEFDB6 /* ScanResultView.swift in Sources */ = {isa = PBXBuildFile; fileRef = 1E8C983B2C232FCE00CEFDB6 /* ScanResultView.swift */; };
		1E8C983E2C233DF700CEFDB6 /* non-vegan-da.json in Resources */ = {isa = PBXBuildFile; fileRef = 1E8C983D2C233DF700CEFDB6 /* non-vegan-da.json */; };
		1E8C98402C23446700CEFDB6 /* non-vegan-es.json in Resources */ = {isa = PBXBuildFile; fileRef = 1E8C983F2C23446700CEFDB6 /* non-vegan-es.json */; };
		1E97A8202C21FAEF00C3867A /* non-vegan-en.json in Resources */ = {isa = PBXBuildFile; fileRef = 1E97A81E2C21FAEF00C3867A /* non-vegan-en.json */; };
		1E97A8212C21FAEF00C3867A /* can-be-vegan-en.json in Resources */ = {isa = PBXBuildFile; fileRef = 1E97A81F2C21FAEF00C3867A /* can-be-vegan-en.json */; };
/* End PBXBuildFile section */

/* Begin PBXContainerItemProxy section */
		1E80EA352C21B3EC00261AEC /* PBXContainerItemProxy */ = {
			isa = PBXContainerItemProxy;
			containerPortal = 1E80EA1C2C21B3E900261AEC /* Project object */;
			proxyType = 1;
			remoteGlobalIDString = 1E80EA232C21B3E900261AEC;
			remoteInfo = VeScan;
		};
		1E80EA3F2C21B3EC00261AEC /* PBXContainerItemProxy */ = {
			isa = PBXContainerItemProxy;
			containerPortal = 1E80EA1C2C21B3E900261AEC /* Project object */;
			proxyType = 1;
			remoteGlobalIDString = 1E80EA232C21B3E900261AEC;
			remoteInfo = VeScan;
		};
/* End PBXContainerItemProxy section */

/* Begin PBXFileReference section */
		1E80EA242C21B3E900261AEC /* VeScan.app */ = {isa = PBXFileReference; explicitFileType = wrapper.application; includeInIndex = 0; path = VeScan.app; sourceTree = BUILT_PRODUCTS_DIR; };
		1E80EA272C21B3E900261AEC /* VeScanApp.swift */ = {isa = PBXFileReference; lastKnownFileType = sourcecode.swift; path = VeScanApp.swift; sourceTree = "<group>"; };
		1E80EA292C21B3EA00261AEC /* MainScanView.swift */ = {isa = PBXFileReference; lastKnownFileType = sourcecode.swift; path = MainScanView.swift; sourceTree = "<group>"; };
		1E80EA2B2C21B3EB00261AEC /* Assets.xcassets */ = {isa = PBXFileReference; lastKnownFileType = folder.assetcatalog; path = Assets.xcassets; sourceTree = "<group>"; };
		1E80EA2E2C21B3EB00261AEC /* Preview Assets.xcassets */ = {isa = PBXFileReference; lastKnownFileType = folder.assetcatalog; path = "Preview Assets.xcassets"; sourceTree = "<group>"; };
		1E80EA342C21B3EC00261AEC /* VeScanTests.xctest */ = {isa = PBXFileReference; explicitFileType = wrapper.cfbundle; includeInIndex = 0; path = VeScanTests.xctest; sourceTree = BUILT_PRODUCTS_DIR; };
		1E80EA382C21B3EC00261AEC /* VeScanTests.swift */ = {isa = PBXFileReference; lastKnownFileType = sourcecode.swift; path = VeScanTests.swift; sourceTree = "<group>"; };
		1E80EA3E2C21B3EC00261AEC /* VeScanUITests.xctest */ = {isa = PBXFileReference; explicitFileType = wrapper.cfbundle; includeInIndex = 0; path = VeScanUITests.xctest; sourceTree = BUILT_PRODUCTS_DIR; };
		1E80EA422C21B3EC00261AEC /* VeScanUITests.swift */ = {isa = PBXFileReference; lastKnownFileType = sourcecode.swift; path = VeScanUITests.swift; sourceTree = "<group>"; };
		1E80EA442C21B3EC00261AEC /* VeScanUITestsLaunchTests.swift */ = {isa = PBXFileReference; lastKnownFileType = sourcecode.swift; path = VeScanUITestsLaunchTests.swift; sourceTree = "<group>"; };
		1E80EA512C21C52900261AEC /* ScanViewWrapper.swift */ = {isa = PBXFileReference; lastKnownFileType = sourcecode.swift; path = ScanViewWrapper.swift; sourceTree = "<group>"; };
		1E80EA532C21C54500261AEC /* ScanProvider.swift */ = {isa = PBXFileReference; lastKnownFileType = sourcecode.swift; path = ScanProvider.swift; sourceTree = "<group>"; };
		1E8C98392C232E2C00CEFDB6 /* Array+Utils.swift */ = {isa = PBXFileReference; lastKnownFileType = sourcecode.swift; path = "Array+Utils.swift"; sourceTree = "<group>"; };
		1E8C983B2C232FCE00CEFDB6 /* ScanResultView.swift */ = {isa = PBXFileReference; lastKnownFileType = sourcecode.swift; path = ScanResultView.swift; sourceTree = "<group>"; };
		1E8C983D2C233DF700CEFDB6 /* non-vegan-da.json */ = {isa = PBXFileReference; fileEncoding = 4; lastKnownFileType = text.json; path = "non-vegan-da.json"; sourceTree = "<group>"; };
		1E8C983F2C23446700CEFDB6 /* non-vegan-es.json */ = {isa = PBXFileReference; fileEncoding = 4; lastKnownFileType = text.json; path = "non-vegan-es.json"; sourceTree = "<group>"; };
		1E97A81E2C21FAEF00C3867A /* non-vegan-en.json */ = {isa = PBXFileReference; fileEncoding = 4; lastKnownFileType = text.json; path = "non-vegan-en.json"; sourceTree = "<group>"; };
		1E97A81F2C21FAEF00C3867A /* can-be-vegan-en.json */ = {isa = PBXFileReference; fileEncoding = 4; lastKnownFileType = text.json; path = "can-be-vegan-en.json"; sourceTree = "<group>"; };
/* End PBXFileReference section */

/* Begin PBXFrameworksBuildPhase section */
		1E80EA212C21B3E900261AEC /* Frameworks */ = {
			isa = PBXFrameworksBuildPhase;
			buildActionMask = 2147483647;
			files = (
			);
			runOnlyForDeploymentPostprocessing = 0;
		};
		1E80EA312C21B3EC00261AEC /* Frameworks */ = {
			isa = PBXFrameworksBuildPhase;
			buildActionMask = 2147483647;
			files = (
			);
			runOnlyForDeploymentPostprocessing = 0;
		};
		1E80EA3B2C21B3EC00261AEC /* Frameworks */ = {
			isa = PBXFrameworksBuildPhase;
			buildActionMask = 2147483647;
			files = (
			);
			runOnlyForDeploymentPostprocessing = 0;
		};
/* End PBXFrameworksBuildPhase section */

/* Begin PBXGroup section */
		1E80EA1B2C21B3E900261AEC = {
			isa = PBXGroup;
			children = (
				1E80EA262C21B3E900261AEC /* VeScan */,
				1E80EA372C21B3EC00261AEC /* VeScanTests */,
				1E80EA412C21B3EC00261AEC /* VeScanUITests */,
				1E80EA252C21B3E900261AEC /* Products */,
			);
			sourceTree = "<group>";
		};
		1E80EA252C21B3E900261AEC /* Products */ = {
			isa = PBXGroup;
			children = (
				1E80EA242C21B3E900261AEC /* VeScan.app */,
				1E80EA342C21B3EC00261AEC /* VeScanTests.xctest */,
				1E80EA3E2C21B3EC00261AEC /* VeScanUITests.xctest */,
			);
			name = Products;
			sourceTree = "<group>";
		};
		1E80EA262C21B3E900261AEC /* VeScan */ = {
			isa = PBXGroup;
			children = (
				1E80EA272C21B3E900261AEC /* VeScanApp.swift */,
				1E80EA292C21B3EA00261AEC /* MainScanView.swift */,
				1E8C983B2C232FCE00CEFDB6 /* ScanResultView.swift */,
				1E80EA512C21C52900261AEC /* ScanViewWrapper.swift */,
				1E80EA532C21C54500261AEC /* ScanProvider.swift */,
				1E8C98392C232E2C00CEFDB6 /* Array+Utils.swift */,
				1EE301C22C2206AC0082A3A4 /* Resources */,
				1E80EA2B2C21B3EB00261AEC /* Assets.xcassets */,
				1E80EA2D2C21B3EB00261AEC /* Preview Content */,
			);
			path = VeScan;
			sourceTree = "<group>";
		};
		1E80EA2D2C21B3EB00261AEC /* Preview Content */ = {
			isa = PBXGroup;
			children = (
				1E80EA2E2C21B3EB00261AEC /* Preview Assets.xcassets */,
			);
			path = "Preview Content";
			sourceTree = "<group>";
		};
		1E80EA372C21B3EC00261AEC /* VeScanTests */ = {
			isa = PBXGroup;
			children = (
				1E80EA382C21B3EC00261AEC /* VeScanTests.swift */,
			);
			path = VeScanTests;
			sourceTree = "<group>";
		};
		1E80EA412C21B3EC00261AEC /* VeScanUITests */ = {
			isa = PBXGroup;
			children = (
				1E80EA422C21B3EC00261AEC /* VeScanUITests.swift */,
				1E80EA442C21B3EC00261AEC /* VeScanUITestsLaunchTests.swift */,
			);
			path = VeScanUITests;
			sourceTree = "<group>";
		};
		1EE301C22C2206AC0082A3A4 /* Resources */ = {
			isa = PBXGroup;
			children = (
				1E97A81E2C21FAEF00C3867A /* non-vegan-en.json */,
				1E8C983D2C233DF700CEFDB6 /* non-vegan-da.json */,
				1E8C983F2C23446700CEFDB6 /* non-vegan-es.json */,
				1E97A81F2C21FAEF00C3867A /* can-be-vegan-en.json */,
			);
			path = Resources;
			sourceTree = "<group>";
		};
/* End PBXGroup section */

/* Begin PBXNativeTarget section */
		1E80EA232C21B3E900261AEC /* VeScan */ = {
			isa = PBXNativeTarget;
			buildConfigurationList = 1E80EA482C21B3EC00261AEC /* Build configuration list for PBXNativeTarget "VeScan" */;
			buildPhases = (
				1E80EA202C21B3E900261AEC /* Sources */,
				1E80EA212C21B3E900261AEC /* Frameworks */,
				1E80EA222C21B3E900261AEC /* Resources */,
			);
			buildRules = (
			);
			dependencies = (
			);
			name = VeScan;
			productName = VeScan;
			productReference = 1E80EA242C21B3E900261AEC /* VeScan.app */;
			productType = "com.apple.product-type.application";
		};
		1E80EA332C21B3EC00261AEC /* VeScanTests */ = {
			isa = PBXNativeTarget;
			buildConfigurationList = 1E80EA4B2C21B3EC00261AEC /* Build configuration list for PBXNativeTarget "VeScanTests" */;
			buildPhases = (
				1E80EA302C21B3EC00261AEC /* Sources */,
				1E80EA312C21B3EC00261AEC /* Frameworks */,
				1E80EA322C21B3EC00261AEC /* Resources */,
			);
			buildRules = (
			);
			dependencies = (
				1E80EA362C21B3EC00261AEC /* PBXTargetDependency */,
			);
			name = VeScanTests;
			productName = VeScanTests;
			productReference = 1E80EA342C21B3EC00261AEC /* VeScanTests.xctest */;
			productType = "com.apple.product-type.bundle.unit-test";
		};
		1E80EA3D2C21B3EC00261AEC /* VeScanUITests */ = {
			isa = PBXNativeTarget;
			buildConfigurationList = 1E80EA4E2C21B3EC00261AEC /* Build configuration list for PBXNativeTarget "VeScanUITests" */;
			buildPhases = (
				1E80EA3A2C21B3EC00261AEC /* Sources */,
				1E80EA3B2C21B3EC00261AEC /* Frameworks */,
				1E80EA3C2C21B3EC00261AEC /* Resources */,
			);
			buildRules = (
			);
			dependencies = (
				1E80EA402C21B3EC00261AEC /* PBXTargetDependency */,
			);
			name = VeScanUITests;
			productName = VeScanUITests;
			productReference = 1E80EA3E2C21B3EC00261AEC /* VeScanUITests.xctest */;
			productType = "com.apple.product-type.bundle.ui-testing";
		};
/* End PBXNativeTarget section */

/* Begin PBXProject section */
		1E80EA1C2C21B3E900261AEC /* Project object */ = {
			isa = PBXProject;
			attributes = {
				BuildIndependentTargetsInParallel = 1;
				LastSwiftUpdateCheck = 1540;
				LastUpgradeCheck = 1540;
				TargetAttributes = {
					1E80EA232C21B3E900261AEC = {
						CreatedOnToolsVersion = 15.4;
					};
					1E80EA332C21B3EC00261AEC = {
						CreatedOnToolsVersion = 15.4;
						TestTargetID = 1E80EA232C21B3E900261AEC;
					};
					1E80EA3D2C21B3EC00261AEC = {
						CreatedOnToolsVersion = 15.4;
						TestTargetID = 1E80EA232C21B3E900261AEC;
					};
				};
			};
			buildConfigurationList = 1E80EA1F2C21B3E900261AEC /* Build configuration list for PBXProject "VeScan" */;
			compatibilityVersion = "Xcode 14.0";
			developmentRegion = en;
			hasScannedForEncodings = 0;
			knownRegions = (
				en,
				Base,
			);
			mainGroup = 1E80EA1B2C21B3E900261AEC;
			productRefGroup = 1E80EA252C21B3E900261AEC /* Products */;
			projectDirPath = "";
			projectRoot = "";
			targets = (
				1E80EA232C21B3E900261AEC /* VeScan */,
				1E80EA332C21B3EC00261AEC /* VeScanTests */,
				1E80EA3D2C21B3EC00261AEC /* VeScanUITests */,
			);
		};
/* End PBXProject section */

/* Begin PBXResourcesBuildPhase section */
		1E80EA222C21B3E900261AEC /* Resources */ = {
			isa = PBXResourcesBuildPhase;
			buildActionMask = 2147483647;
			files = (
				1E97A8202C21FAEF00C3867A /* non-vegan-en.json in Resources */,
				1E97A8212C21FAEF00C3867A /* can-be-vegan-en.json in Resources */,
				1E8C983E2C233DF700CEFDB6 /* non-vegan-da.json in Resources */,
				1E8C98402C23446700CEFDB6 /* non-vegan-es.json in Resources */,
				1E80EA2F2C21B3EB00261AEC /* Preview Assets.xcassets in Resources */,
				1E80EA2C2C21B3EB00261AEC /* Assets.xcassets in Resources */,
			);
			runOnlyForDeploymentPostprocessing = 0;
		};
		1E80EA322C21B3EC00261AEC /* Resources */ = {
			isa = PBXResourcesBuildPhase;
			buildActionMask = 2147483647;
			files = (
			);
			runOnlyForDeploymentPostprocessing = 0;
		};
		1E80EA3C2C21B3EC00261AEC /* Resources */ = {
			isa = PBXResourcesBuildPhase;
			buildActionMask = 2147483647;
			files = (
			);
			runOnlyForDeploymentPostprocessing = 0;
		};
/* End PBXResourcesBuildPhase section */

/* Begin PBXSourcesBuildPhase section */
		1E80EA202C21B3E900261AEC /* Sources */ = {
			isa = PBXSourcesBuildPhase;
			buildActionMask = 2147483647;
			files = (
				1E80EA542C21C54500261AEC /* ScanProvider.swift in Sources */,
				1E80EA2A2C21B3EA00261AEC /* MainScanView.swift in Sources */,
				1E80EA282C21B3EA00261AEC /* VeScanApp.swift in Sources */,
				1E80EA522C21C52900261AEC /* ScanViewWrapper.swift in Sources */,
				1E8C983C2C232FCE00CEFDB6 /* ScanResultView.swift in Sources */,
				1E8C983A2C232E2C00CEFDB6 /* Array+Utils.swift in Sources */,
			);
			runOnlyForDeploymentPostprocessing = 0;
		};
		1E80EA302C21B3EC00261AEC /* Sources */ = {
			isa = PBXSourcesBuildPhase;
			buildActionMask = 2147483647;
			files = (
				1E80EA392C21B3EC00261AEC /* VeScanTests.swift in Sources */,
			);
			runOnlyForDeploymentPostprocessing = 0;
		};
		1E80EA3A2C21B3EC00261AEC /* Sources */ = {
			isa = PBXSourcesBuildPhase;
			buildActionMask = 2147483647;
			files = (
				1E80EA452C21B3EC00261AEC /* VeScanUITestsLaunchTests.swift in Sources */,
				1E80EA432C21B3EC00261AEC /* VeScanUITests.swift in Sources */,
			);
			runOnlyForDeploymentPostprocessing = 0;
		};
/* End PBXSourcesBuildPhase section */

/* Begin PBXTargetDependency section */
		1E80EA362C21B3EC00261AEC /* PBXTargetDependency */ = {
			isa = PBXTargetDependency;
			target = 1E80EA232C21B3E900261AEC /* VeScan */;
			targetProxy = 1E80EA352C21B3EC00261AEC /* PBXContainerItemProxy */;
		};
		1E80EA402C21B3EC00261AEC /* PBXTargetDependency */ = {
			isa = PBXTargetDependency;
			target = 1E80EA232C21B3E900261AEC /* VeScan */;
			targetProxy = 1E80EA3F2C21B3EC00261AEC /* PBXContainerItemProxy */;
		};
/* End PBXTargetDependency section */

/* Begin XCBuildConfiguration section */
		1E80EA462C21B3EC00261AEC /* Debug */ = {
			isa = XCBuildConfiguration;
			buildSettings = {
				ALWAYS_SEARCH_USER_PATHS = NO;
				ASSETCATALOG_COMPILER_GENERATE_SWIFT_ASSET_SYMBOL_EXTENSIONS = YES;
				CLANG_ANALYZER_NONNULL = YES;
				CLANG_ANALYZER_NUMBER_OBJECT_CONVERSION = YES_AGGRESSIVE;
				CLANG_CXX_LANGUAGE_STANDARD = "gnu++20";
				CLANG_ENABLE_MODULES = YES;
				CLANG_ENABLE_OBJC_ARC = YES;
				CLANG_ENABLE_OBJC_WEAK = YES;
				CLANG_WARN_BLOCK_CAPTURE_AUTORELEASING = YES;
				CLANG_WARN_BOOL_CONVERSION = YES;
				CLANG_WARN_COMMA = YES;
				CLANG_WARN_CONSTANT_CONVERSION = YES;
				CLANG_WARN_DEPRECATED_OBJC_IMPLEMENTATIONS = YES;
				CLANG_WARN_DIRECT_OBJC_ISA_USAGE = YES_ERROR;
				CLANG_WARN_DOCUMENTATION_COMMENTS = YES;
				CLANG_WARN_EMPTY_BODY = YES;
				CLANG_WARN_ENUM_CONVERSION = YES;
				CLANG_WARN_INFINITE_RECURSION = YES;
				CLANG_WARN_INT_CONVERSION = YES;
				CLANG_WARN_NON_LITERAL_NULL_CONVERSION = YES;
				CLANG_WARN_OBJC_IMPLICIT_RETAIN_SELF = YES;
				CLANG_WARN_OBJC_LITERAL_CONVERSION = YES;
				CLANG_WARN_OBJC_ROOT_CLASS = YES_ERROR;
				CLANG_WARN_QUOTED_INCLUDE_IN_FRAMEWORK_HEADER = YES;
				CLANG_WARN_RANGE_LOOP_ANALYSIS = YES;
				CLANG_WARN_STRICT_PROTOTYPES = YES;
				CLANG_WARN_SUSPICIOUS_MOVE = YES;
				CLANG_WARN_UNGUARDED_AVAILABILITY = YES_AGGRESSIVE;
				CLANG_WARN_UNREACHABLE_CODE = YES;
				CLANG_WARN__DUPLICATE_METHOD_MATCH = YES;
				COPY_PHASE_STRIP = NO;
				DEBUG_INFORMATION_FORMAT = dwarf;
				ENABLE_STRICT_OBJC_MSGSEND = YES;
				ENABLE_TESTABILITY = YES;
				ENABLE_USER_SCRIPT_SANDBOXING = YES;
				GCC_C_LANGUAGE_STANDARD = gnu17;
				GCC_DYNAMIC_NO_PIC = NO;
				GCC_NO_COMMON_BLOCKS = YES;
				GCC_OPTIMIZATION_LEVEL = 0;
				GCC_PREPROCESSOR_DEFINITIONS = (
					"DEBUG=1",
					"$(inherited)",
				);
				GCC_WARN_64_TO_32_BIT_CONVERSION = YES;
				GCC_WARN_ABOUT_RETURN_TYPE = YES_ERROR;
				GCC_WARN_UNDECLARED_SELECTOR = YES;
				GCC_WARN_UNINITIALIZED_AUTOS = YES_AGGRESSIVE;
				GCC_WARN_UNUSED_FUNCTION = YES;
				GCC_WARN_UNUSED_VARIABLE = YES;
				IPHONEOS_DEPLOYMENT_TARGET = 17.5;
				LOCALIZATION_PREFERS_STRING_CATALOGS = YES;
				MTL_ENABLE_DEBUG_INFO = INCLUDE_SOURCE;
				MTL_FAST_MATH = YES;
				ONLY_ACTIVE_ARCH = YES;
				SDKROOT = iphoneos;
				SWIFT_ACTIVE_COMPILATION_CONDITIONS = "DEBUG $(inherited)";
				SWIFT_OPTIMIZATION_LEVEL = "-Onone";
			};
			name = Debug;
		};
		1E80EA472C21B3EC00261AEC /* Release */ = {
			isa = XCBuildConfiguration;
			buildSettings = {
				ALWAYS_SEARCH_USER_PATHS = NO;
				ASSETCATALOG_COMPILER_GENERATE_SWIFT_ASSET_SYMBOL_EXTENSIONS = YES;
				CLANG_ANALYZER_NONNULL = YES;
				CLANG_ANALYZER_NUMBER_OBJECT_CONVERSION = YES_AGGRESSIVE;
				CLANG_CXX_LANGUAGE_STANDARD = "gnu++20";
				CLANG_ENABLE_MODULES = YES;
				CLANG_ENABLE_OBJC_ARC = YES;
				CLANG_ENABLE_OBJC_WEAK = YES;
				CLANG_WARN_BLOCK_CAPTURE_AUTORELEASING = YES;
				CLANG_WARN_BOOL_CONVERSION = YES;
				CLANG_WARN_COMMA = YES;
				CLANG_WARN_CONSTANT_CONVERSION = YES;
				CLANG_WARN_DEPRECATED_OBJC_IMPLEMENTATIONS = YES;
				CLANG_WARN_DIRECT_OBJC_ISA_USAGE = YES_ERROR;
				CLANG_WARN_DOCUMENTATION_COMMENTS = YES;
				CLANG_WARN_EMPTY_BODY = YES;
				CLANG_WARN_ENUM_CONVERSION = YES;
				CLANG_WARN_INFINITE_RECURSION = YES;
				CLANG_WARN_INT_CONVERSION = YES;
				CLANG_WARN_NON_LITERAL_NULL_CONVERSION = YES;
				CLANG_WARN_OBJC_IMPLICIT_RETAIN_SELF = YES;
				CLANG_WARN_OBJC_LITERAL_CONVERSION = YES;
				CLANG_WARN_OBJC_ROOT_CLASS = YES_ERROR;
				CLANG_WARN_QUOTED_INCLUDE_IN_FRAMEWORK_HEADER = YES;
				CLANG_WARN_RANGE_LOOP_ANALYSIS = YES;
				CLANG_WARN_STRICT_PROTOTYPES = YES;
				CLANG_WARN_SUSPICIOUS_MOVE = YES;
				CLANG_WARN_UNGUARDED_AVAILABILITY = YES_AGGRESSIVE;
				CLANG_WARN_UNREACHABLE_CODE = YES;
				CLANG_WARN__DUPLICATE_METHOD_MATCH = YES;
				COPY_PHASE_STRIP = NO;
				DEBUG_INFORMATION_FORMAT = "dwarf-with-dsym";
				ENABLE_NS_ASSERTIONS = NO;
				ENABLE_STRICT_OBJC_MSGSEND = YES;
				ENABLE_USER_SCRIPT_SANDBOXING = YES;
				GCC_C_LANGUAGE_STANDARD = gnu17;
				GCC_NO_COMMON_BLOCKS = YES;
				GCC_WARN_64_TO_32_BIT_CONVERSION = YES;
				GCC_WARN_ABOUT_RETURN_TYPE = YES_ERROR;
				GCC_WARN_UNDECLARED_SELECTOR = YES;
				GCC_WARN_UNINITIALIZED_AUTOS = YES_AGGRESSIVE;
				GCC_WARN_UNUSED_FUNCTION = YES;
				GCC_WARN_UNUSED_VARIABLE = YES;
				IPHONEOS_DEPLOYMENT_TARGET = 17.5;
				LOCALIZATION_PREFERS_STRING_CATALOGS = YES;
				MTL_ENABLE_DEBUG_INFO = NO;
				MTL_FAST_MATH = YES;
				SDKROOT = iphoneos;
				SWIFT_COMPILATION_MODE = wholemodule;
				VALIDATE_PRODUCT = YES;
			};
			name = Release;
		};
		1E80EA492C21B3EC00261AEC /* Debug */ = {
			isa = XCBuildConfiguration;
			buildSettings = {
				ASSETCATALOG_COMPILER_APPICON_NAME = AppIcon;
				ASSETCATALOG_COMPILER_GLOBAL_ACCENT_COLOR_NAME = AccentColor;
				CODE_SIGN_STYLE = Automatic;
				CURRENT_PROJECT_VERSION = 1;
				DEVELOPMENT_ASSET_PATHS = "\"VeScan/Preview Content\"";
				DEVELOPMENT_TEAM = 3W636NF555;
				ENABLE_PREVIEWS = YES;
				GENERATE_INFOPLIST_FILE = YES;
				INFOPLIST_KEY_LSApplicationCategoryType = "";
				INFOPLIST_KEY_NSCameraUsageDescription = "Hello :D";
				INFOPLIST_KEY_UIApplicationSceneManifest_Generation = YES;
				INFOPLIST_KEY_UIApplicationSupportsIndirectInputEvents = YES;
				INFOPLIST_KEY_UILaunchScreen_Generation = YES;
				INFOPLIST_KEY_UISupportedInterfaceOrientations_iPad = "UIInterfaceOrientationPortrait UIInterfaceOrientationPortraitUpsideDown UIInterfaceOrientationLandscapeLeft UIInterfaceOrientationLandscapeRight";
				INFOPLIST_KEY_UISupportedInterfaceOrientations_iPhone = "UIInterfaceOrientationPortrait UIInterfaceOrientationLandscapeLeft UIInterfaceOrientationLandscapeRight";
				IPHONEOS_DEPLOYMENT_TARGET = 17.4;
				LD_RUNPATH_SEARCH_PATHS = (
					"$(inherited)",
					"@executable_path/Frameworks",
				);
				MARKETING_VERSION = 1.0;
				PRODUCT_BUNDLE_IDENTIFIER = JWR.VeScan;
				PRODUCT_NAME = "$(TARGET_NAME)";
				SWIFT_EMIT_LOC_STRINGS = YES;
				SWIFT_VERSION = 5.0;
				TARGETED_DEVICE_FAMILY = "1,2";
			};
			name = Debug;
		};
		1E80EA4A2C21B3EC00261AEC /* Release */ = {
			isa = XCBuildConfiguration;
			buildSettings = {
				ASSETCATALOG_COMPILER_APPICON_NAME = AppIcon;
				ASSETCATALOG_COMPILER_GLOBAL_ACCENT_COLOR_NAME = AccentColor;
				CODE_SIGN_STYLE = Automatic;
				CURRENT_PROJECT_VERSION = 1;
				DEVELOPMENT_ASSET_PATHS = "\"VeScan/Preview Content\"";
				DEVELOPMENT_TEAM = 3W636NF555;
				ENABLE_PREVIEWS = YES;
				GENERATE_INFOPLIST_FILE = YES;
				INFOPLIST_KEY_LSApplicationCategoryType = "";
				INFOPLIST_KEY_NSCameraUsageDescription = "Hello :D";
				INFOPLIST_KEY_UIApplicationSceneManifest_Generation = YES;
				INFOPLIST_KEY_UIApplicationSupportsIndirectInputEvents = YES;
				INFOPLIST_KEY_UILaunchScreen_Generation = YES;
				INFOPLIST_KEY_UISupportedInterfaceOrientations_iPad = "UIInterfaceOrientationPortrait UIInterfaceOrientationPortraitUpsideDown UIInterfaceOrientationLandscapeLeft UIInterfaceOrientationLandscapeRight";
				INFOPLIST_KEY_UISupportedInterfaceOrientations_iPhone = "UIInterfaceOrientationPortrait UIInterfaceOrientationLandscapeLeft UIInterfaceOrientationLandscapeRight";
				IPHONEOS_DEPLOYMENT_TARGET = 17.4;
				LD_RUNPATH_SEARCH_PATHS = (
					"$(inherited)",
					"@executable_path/Frameworks",
				);
				MARKETING_VERSION = 1.0;
				PRODUCT_BUNDLE_IDENTIFIER = JWR.VeScan;
				PRODUCT_NAME = "$(TARGET_NAME)";
				SWIFT_EMIT_LOC_STRINGS = YES;
				SWIFT_VERSION = 5.0;
				TARGETED_DEVICE_FAMILY = "1,2";
			};
			name = Release;
		};
		1E80EA4C2C21B3EC00261AEC /* Debug */ = {
			isa = XCBuildConfiguration;
			buildSettings = {
				ALWAYS_EMBED_SWIFT_STANDARD_LIBRARIES = YES;
				BUNDLE_LOADER = "$(TEST_HOST)";
				CODE_SIGN_STYLE = Automatic;
				CURRENT_PROJECT_VERSION = 1;
				DEVELOPMENT_TEAM = 3W636NF555;
				GENERATE_INFOPLIST_FILE = YES;
				IPHONEOS_DEPLOYMENT_TARGET = 17.5;
				MARKETING_VERSION = 1.0;
				PRODUCT_BUNDLE_IDENTIFIER = JWR.VeScanTests;
				PRODUCT_NAME = "$(TARGET_NAME)";
				SWIFT_EMIT_LOC_STRINGS = NO;
				SWIFT_VERSION = 5.0;
				TARGETED_DEVICE_FAMILY = "1,2";
				TEST_HOST = "$(BUILT_PRODUCTS_DIR)/VeScan.app/$(BUNDLE_EXECUTABLE_FOLDER_PATH)/VeScan";
			};
			name = Debug;
		};
		1E80EA4D2C21B3EC00261AEC /* Release */ = {
			isa = XCBuildConfiguration;
			buildSettings = {
				ALWAYS_EMBED_SWIFT_STANDARD_LIBRARIES = YES;
				BUNDLE_LOADER = "$(TEST_HOST)";
				CODE_SIGN_STYLE = Automatic;
				CURRENT_PROJECT_VERSION = 1;
				DEVELOPMENT_TEAM = 3W636NF555;
				GENERATE_INFOPLIST_FILE = YES;
				IPHONEOS_DEPLOYMENT_TARGET = 17.5;
				MARKETING_VERSION = 1.0;
				PRODUCT_BUNDLE_IDENTIFIER = JWR.VeScanTests;
				PRODUCT_NAME = "$(TARGET_NAME)";
				SWIFT_EMIT_LOC_STRINGS = NO;
				SWIFT_VERSION = 5.0;
				TARGETED_DEVICE_FAMILY = "1,2";
				TEST_HOST = "$(BUILT_PRODUCTS_DIR)/VeScan.app/$(BUNDLE_EXECUTABLE_FOLDER_PATH)/VeScan";
			};
			name = Release;
		};
		1E80EA4F2C21B3EC00261AEC /* Debug */ = {
			isa = XCBuildConfiguration;
			buildSettings = {
				ALWAYS_EMBED_SWIFT_STANDARD_LIBRARIES = YES;
				CODE_SIGN_STYLE = Automatic;
				CURRENT_PROJECT_VERSION = 1;
				DEVELOPMENT_TEAM = 3W636NF555;
				GENERATE_INFOPLIST_FILE = YES;
				MARKETING_VERSION = 1.0;
				PRODUCT_BUNDLE_IDENTIFIER = JWR.VeScanUITests;
				PRODUCT_NAME = "$(TARGET_NAME)";
				SWIFT_EMIT_LOC_STRINGS = NO;
				SWIFT_VERSION = 5.0;
				TARGETED_DEVICE_FAMILY = "1,2";
				TEST_TARGET_NAME = VeScan;
			};
			name = Debug;
		};
		1E80EA502C21B3EC00261AEC /* Release */ = {
			isa = XCBuildConfiguration;
			buildSettings = {
				ALWAYS_EMBED_SWIFT_STANDARD_LIBRARIES = YES;
				CODE_SIGN_STYLE = Automatic;
				CURRENT_PROJECT_VERSION = 1;
				DEVELOPMENT_TEAM = 3W636NF555;
				GENERATE_INFOPLIST_FILE = YES;
				MARKETING_VERSION = 1.0;
				PRODUCT_BUNDLE_IDENTIFIER = JWR.VeScanUITests;
				PRODUCT_NAME = "$(TARGET_NAME)";
				SWIFT_EMIT_LOC_STRINGS = NO;
				SWIFT_VERSION = 5.0;
				TARGETED_DEVICE_FAMILY = "1,2";
				TEST_TARGET_NAME = VeScan;
			};
			name = Release;
		};
/* End XCBuildConfiguration section */

/* Begin XCConfigurationList section */
		1E80EA1F2C21B3E900261AEC /* Build configuration list for PBXProject "VeScan" */ = {
			isa = XCConfigurationList;
			buildConfigurations = (
				1E80EA462C21B3EC00261AEC /* Debug */,
				1E80EA472C21B3EC00261AEC /* Release */,
			);
			defaultConfigurationIsVisible = 0;
			defaultConfigurationName = Release;
		};
		1E80EA482C21B3EC00261AEC /* Build configuration list for PBXNativeTarget "VeScan" */ = {
			isa = XCConfigurationList;
			buildConfigurations = (
				1E80EA492C21B3EC00261AEC /* Debug */,
				1E80EA4A2C21B3EC00261AEC /* Release */,
			);
			defaultConfigurationIsVisible = 0;
			defaultConfigurationName = Release;
		};
		1E80EA4B2C21B3EC00261AEC /* Build configuration list for PBXNativeTarget "VeScanTests" */ = {
			isa = XCConfigurationList;
			buildConfigurations = (
				1E80EA4C2C21B3EC00261AEC /* Debug */,
				1E80EA4D2C21B3EC00261AEC /* Release */,
			);
			defaultConfigurationIsVisible = 0;
			defaultConfigurationName = Release;
		};
		1E80EA4E2C21B3EC00261AEC /* Build configuration list for PBXNativeTarget "VeScanUITests" */ = {
			isa = XCConfigurationList;
			buildConfigurations = (
				1E80EA4F2C21B3EC00261AEC /* Debug */,
				1E80EA502C21B3EC00261AEC /* Release */,
			);
			defaultConfigurationIsVisible = 0;
			defaultConfigurationName = Release;
		};
/* End XCConfigurationList section */
	};
	rootObject = 1E80EA1C2C21B3E900261AEC /* Project object */;
}
